
Microsoft Visual Studio Solution File, Format Version 12.00
# Visual Studio 2013
VisualStudioVersion = 12.0.31101.0
MinimumVisualStudioVersion = 10.0.40219.1
Project("{FAE04EC0-301F-11D3-BF4B-00C04F79EFBC}") = "TheChannelCakeFactory", "src\TheChannelCakeFactory\TheChannelCakeFactory.csproj", "{158FF67E-2A1C-4A00-86DE-11DC265D2C6C}"
EndProject
Project("{FAE04EC0-301F-11D3-BF4B-00C04F79EFBC}") = "TheChannelCakeFactory.Tests", "test\TheChannelCakeFactory.Tests\TheChannelCakeFactory.Tests.csproj", "{BA10CB9E-7849-4B5B-A9DA-8703D37D7BBF}"
EndProject
Global
	GlobalSection(SolutionConfigurationPlatforms) = preSolution
		Debug|Any CPU = Debug|Any CPU
		Release|Any CPU = Release|Any CPU
	EndGlobalSection
	GlobalSection(ProjectConfigurationPlatforms) = postSolution
		{158FF67E-2A1C-4A00-86DE-11DC265D2C6C}.Debug|Any CPU.ActiveCfg = Debug|Any CPU
		{158FF67E-2A1C-4A00-86DE-11DC265D2C6C}.Debug|Any CPU.Build.0 = Debug|Any CPU
		{158FF67E-2A1C-4A00-86DE-11DC265D2C6C}.Release|Any CPU.ActiveCfg = Release|Any CPU
		{158FF67E-2A1C-4A00-86DE-11DC265D2C6C}.Release|Any CPU.Build.0 = Release|Any CPU
		{BA10CB9E-7849-4B5B-A9DA-8703D37D7BBF}.Debug|Any CPU.ActiveCfg = Debug|Any CPU
		{BA10CB9E-7849-4B5B-A9DA-8703D37D7BBF}.Debug|Any CPU.Build.0 = Debug|Any CPU
		{BA10CB9E-7849-4B5B-A9DA-8703D37D7BBF}.Release|Any CPU.ActiveCfg = Release|Any CPU
		{BA10CB9E-7849-4B5B-A9DA-8703D37D7BBF}.Release|Any CPU.Build.0 = Release|Any CPU
	EndGlobalSection
	GlobalSection(SolutionProperties) = preSolution
		HideSolutionNode = FALSE
	EndGlobalSection
EndGlobal
